// !$*UTF8*$!
{
	archiveVersion = 1;
	classes = {
	};
	objectVersion = 46;
	objects = {

/* Begin PBXBuildFile section */
		D3DE8F3E1E025F9600D32F9E /* main.m in Sources */ = {isa = PBXBuildFile; fileRef = D3DE8F3D1E025F9600D32F9E /* main.m */; };
		D3DE8F411E025F9600D32F9E /* AppDelegate.m in Sources */ = {isa = PBXBuildFile; fileRef = D3DE8F401E025F9600D32F9E /* AppDelegate.m */; };
		D3DE8F441E025F9600D32F9E /* ViewController.m in Sources */ = {isa = PBXBuildFile; fileRef = D3DE8F431E025F9600D32F9E /* ViewController.m */; };
		D3DE8F471E025F9600D32F9E /* Main.storyboard in Resources */ = {isa = PBXBuildFile; fileRef = D3DE8F451E025F9600D32F9E /* Main.storyboard */; };
		D3DE8F491E025F9600D32F9E /* Assets.xcassets in Resources */ = {isa = PBXBuildFile; fileRef = D3DE8F481E025F9600D32F9E /* Assets.xcassets */; };
		D3DE8F4C1E025F9600D32F9E /* LaunchScreen.storyboard in Resources */ = {isa = PBXBuildFile; fileRef = D3DE8F4A1E025F9600D32F9E /* LaunchScreen.storyboard */; };
		D3DE8F571E025F9600D32F9E /* CORAnmationTests.m in Sources */ = {isa = PBXBuildFile; fileRef = D3DE8F561E025F9600D32F9E /* CORAnmationTests.m */; };
/* End PBXBuildFile section */

/* Begin PBXContainerItemProxy section */
		D3DE8F531E025F9600D32F9E /* PBXContainerItemProxy */ = {
			isa = PBXContainerItemProxy;
			containerPortal = D3DE8F311E025F9600D32F9E /* Project object */;
			proxyType = 1;
			remoteGlobalIDString = D3DE8F381E025F9600D32F9E;
			remoteInfo = CORAnmation;
		};
/* End PBXContainerItemProxy section */

/* Begin PBXFileReference section */
		D3DE8F391E025F9600D32F9E /* CORAnmation.app */ = {isa = PBXFileReference; explicitFileType = wrapper.application; includeInIndex = 0; path = CORAnmation.app; sourceTree = BUILT_PRODUCTS_DIR; };
		D3DE8F3D1E025F9600D32F9E /* main.m */ = {isa = PBXFileReference; lastKnownFileType = sourcecode.c.objc; path = main.m; sourceTree = "<group>"; };
		D3DE8F3F1E025F9600D32F9E /* AppDelegate.h */ = {isa = PBXFileReference; lastKnownFileType = sourcecode.c.h; path = AppDelegate.h; sourceTree = "<group>"; };
		D3DE8F401E025F9600D32F9E /* AppDelegate.m */ = {isa = PBXFileReference; lastKnownFileType = sourcecode.c.objc; path = AppDelegate.m; sourceTree = "<group>"; };
		D3DE8F421E025F9600D32F9E /* ViewController.h */ = {isa = PBXFileReference; lastKnownFileType = sourcecode.c.h; path = ViewController.h; sourceTree = "<group>"; };
		D3DE8F431E025F9600D32F9E /* ViewController.m */ = {isa = PBXFileReference; lastKnownFileType = sourcecode.c.objc; path = ViewController.m; sourceTree = "<group>"; };
		D3DE8F461E025F9600D32F9E /* Base */ = {isa = PBXFileReference; lastKnownFileType = file.storyboard; name = Base; path = Base.lproj/Main.storyboard; sourceTree = "<group>"; };
		D3DE8F481E025F9600D32F9E /* Assets.xcassets */ = {isa = PBXFileReference; lastKnownFileType = folder.assetcatalog; path = Assets.xcassets; sourceTree = "<group>"; };
		D3DE8F4B1E025F9600D32F9E /* Base */ = {isa = PBXFileReference; lastKnownFileType = file.storyboard; name = Base; path = Base.lproj/LaunchScreen.storyboard; sourceTree = "<group>"; };
		D3DE8F4D1E025F9600D32F9E /* Info.plist */ = {isa = PBXFileReference; lastKnownFileType = text.plist.xml; path = Info.plist; sourceTree = "<group>"; };
		D3DE8F521E025F9600D32F9E /* CORAnmationTests.xctest */ = {isa = PBXFileReference; explicitFileType = wrapper.cfbundle; includeInIndex = 0; path = CORAnmationTests.xctest; sourceTree = BUILT_PRODUCTS_DIR; };
		D3DE8F561E025F9600D32F9E /* CORAnmationTests.m */ = {isa = PBXFileReference; lastKnownFileType = sourcecode.c.objc; path = CORAnmationTests.m; sourceTree = "<group>"; };
		D3DE8F581E025F9600D32F9E /* Info.plist */ = {isa = PBXFileReference; lastKnownFileType = text.plist.xml; path = Info.plist; sourceTree = "<group>"; };
/* End PBXFileReference section */

/* Begin PBXFrameworksBuildPhase section */
		D3DE8F361E025F9600D32F9E /* Frameworks */ = {
			isa = PBXFrameworksBuildPhase;
			buildActionMask = 2147483647;
			files = (
			);
			runOnlyForDeploymentPostprocessing = 0;
		};
		D3DE8F4F1E025F9600D32F9E /* Frameworks */ = {
			isa = PBXFrameworksBuildPhase;
			buildActionMask = 2147483647;
			files = (
			);
			runOnlyForDeploymentPostprocessing = 0;
		};
/* End PBXFrameworksBuildPhase section */

/* Begin PBXGroup section */
		D3DE8F301E025F9600D32F9E = {
			isa = PBXGroup;
			children = (
				D3DE8F3B1E025F9600D32F9E /* CORAnmation */,
				D3DE8F551E025F9600D32F9E /* CORAnmationTests */,
				D3DE8F3A1E025F9600D32F9E /* Products */,
			);
			sourceTree = "<group>";
		};
		D3DE8F3A1E025F9600D32F9E /* Products */ = {
			isa = PBXGroup;
			children = (
				D3DE8F391E025F9600D32F9E /* CORAnmation.app */,
				D3DE8F521E025F9600D32F9E /* CORAnmationTests.xctest */,
			);
			name = Products;
			sourceTree = "<group>";
		};
		D3DE8F3B1E025F9600D32F9E /* CORAnmation */ = {
			isa = PBXGroup;
			children = (
				D3DE8F3F1E025F9600D32F9E /* AppDelegate.h */,
				D3DE8F401E025F9600D32F9E /* AppDelegate.m */,
				D3DE8F421E025F9600D32F9E /* ViewController.h */,
				D3DE8F431E025F9600D32F9E /* ViewController.m */,
				D3DE8F451E025F9600D32F9E /* Main.storyboard */,
				D3DE8F481E025F9600D32F9E /* Assets.xcassets */,
				D3DE8F4A1E025F9600D32F9E /* LaunchScreen.storyboard */,
				D3DE8F4D1E025F9600D32F9E /* Info.plist */,
				D3DE8F3C1E025F9600D32F9E /* Supporting Files */,
			);
			path = CORAnmation;
			sourceTree = "<group>";
		};
		D3DE8F3C1E025F9600D32F9E /* Supporting Files */ = {
			isa = PBXGroup;
			children = (
				D3DE8F3D1E025F9600D32F9E /* main.m */,
			);
			name = "Supporting Files";
			sourceTree = "<group>";
		};
		D3DE8F551E025F9600D32F9E /* CORAnmationTests */ = {
			isa = PBXGroup;
			children = (
				D3DE8F561E025F9600D32F9E /* CORAnmationTests.m */,
				D3DE8F581E025F9600D32F9E /* Info.plist */,
			);
			path = CORAnmationTests;
			sourceTree = "<group>";
		};
/* End PBXGroup section */

/* Begin PBXNativeTarget section */
		D3DE8F381E025F9600D32F9E /* CORAnmation */ = {
			isa = PBXNativeTarget;
			buildConfigurationList = D3DE8F5B1E025F9600D32F9E /* Build configuration list for PBXNativeTarget "CORAnmation" */;
			buildPhases = (
				D3DE8F351E025F9600D32F9E /* Sources */,
				D3DE8F361E025F9600D32F9E /* Frameworks */,
				D3DE8F371E025F9600D32F9E /* Resources */,
			);
			buildRules = (
			);
			dependencies = (
			);
			name = CORAnmation;
			productName = CORAnmation;
			productReference = D3DE8F391E025F9600D32F9E /* CORAnmation.app */;
			productType = "com.apple.product-type.application";
		};
		D3DE8F511E025F9600D32F9E /* CORAnmationTests */ = {
			isa = PBXNativeTarget;
			buildConfigurationList = D3DE8F5E1E025F9600D32F9E /* Build configuration list for PBXNativeTarget "CORAnmationTests" */;
			buildPhases = (
				D3DE8F4E1E025F9600D32F9E /* Sources */,
				D3DE8F4F1E025F9600D32F9E /* Frameworks */,
				D3DE8F501E025F9600D32F9E /* Resources */,
			);
			buildRules = (
			);
			dependencies = (
				D3DE8F541E025F9600D32F9E /* PBXTargetDependency */,
			);
			name = CORAnmationTests;
			productName = CORAnmationTests;
			productReference = D3DE8F521E025F9600D32F9E /* CORAnmationTests.xctest */;
			productType = "com.apple.product-type.bundle.unit-test";
		};
/* End PBXNativeTarget section */

/* Begin PBXProject section */
		D3DE8F311E025F9600D32F9E /* Project object */ = {
			isa = PBXProject;
			attributes = {
				LastUpgradeCheck = 0730;
				ORGANIZATIONNAME = kong;
				TargetAttributes = {
					D3DE8F381E025F9600D32F9E = {
						CreatedOnToolsVersion = 7.3.1;
					};
					D3DE8F511E025F9600D32F9E = {
						CreatedOnToolsVersion = 7.3.1;
						TestTargetID = D3DE8F381E025F9600D32F9E;
					};
				};
			};
			buildConfigurationList = D3DE8F341E025F9600D32F9E /* Build configuration list for PBXProject "CORAnmation" */;
			compatibilityVersion = "Xcode 3.2";
			developmentRegion = English;
			hasScannedForEncodings = 0;
			knownRegions = (
				en,
				Base,
			);
			mainGroup = D3DE8F301E025F9600D32F9E;
			productRefGroup = D3DE8F3A1E025F9600D32F9E /* Products */;
			projectDirPath = "";
			projectRoot = "";
			targets = (
				D3DE8F381E025F9600D32F9E /* CORAnmation */,
				D3DE8F511E025F9600D32F9E /* CORAnmationTests */,
			);
		};
/* End PBXProject section */

/* Begin PBXResourcesBuildPhase section */
		D3DE8F371E025F9600D32F9E /* Resources */ = {
			isa = PBXResourcesBuildPhase;
			buildActionMask = 2147483647;
			files = (
				D3DE8F4C1E025F9600D32F9E /* LaunchScreen.storyboard in Resources */,
				D3DE8F491E025F9600D32F9E /* Assets.xcassets in Resources */,
				D3DE8F471E025F9600D32F9E /* Main.storyboard in Resources */,
			);
			runOnlyForDeploymentPostprocessing = 0;
		};
		D3DE8F501E025F9600D32F9E /* Resources */ = {
			isa = PBXResourcesBuildPhase;
			buildActionMask = 2147483647;
			files = (
			);
			runOnlyForDeploymentPostprocessing = 0;
		};
/* End PBXResourcesBuildPhase section */

/* Begin PBXSourcesBuildPhase section */
		D3DE8F351E025F9600D32F9E /* Sources */ = {
			isa = PBXSourcesBuildPhase;
			buildActionMask = 2147483647;
			files = (
				D3DE8F441E025F9600D32F9E /* ViewController.m in Sources */,
				D3DE8F411E025F9600D32F9E /* AppDelegate.m in Sources */,
				D3DE8F3E1E025F9600D32F9E /* main.m in Sources */,
			);
			runOnlyForDeploymentPostprocessing = 0;
		};
		D3DE8F4E1E025F9600D32F9E /* Sources */ = {
			isa = PBXSourcesBuildPhase;
			buildActionMask = 2147483647;
			files = (
				D3DE8F571E025F9600D32F9E /* CORAnmationTests.m in Sources */,
			);
			runOnlyForDeploymentPostprocessing = 0;
		};
/* End PBXSourcesBuildPhase section */

/* Begin PBXTargetDependency section */
		D3DE8F541E025F9600D32F9E /* PBXTargetDependency */ = {
			isa = PBXTargetDependency;
			target = D3DE8F381E025F9600D32F9E /* CORAnmation */;
			targetProxy = D3DE8F531E025F9600D32F9E /* PBXContainerItemProxy */;
		};
/* End PBXTargetDependency section */

/* Begin PBXVariantGroup section */
		D3DE8F451E025F9600D32F9E /* Main.storyboard */ = {
			isa = PBXVariantGroup;
			children = (
				D3DE8F461E025F9600D32F9E /* Base */,
			);
			name = Main.storyboard;
			sourceTree = "<group>";
		};
		D3DE8F4A1E025F9600D32F9E /* LaunchScreen.storyboard */ = {
			isa = PBXVariantGroup;
			children = (
				D3DE8F4B1E025F9600D32F9E /* Base */,
			);
			name = LaunchScreen.storyboard;
			sourceTree = "<group>";
		};
/* End PBXVariantGroup section */

/* Begin XCBuildConfiguration section */
		D3DE8F591E025F9600D32F9E /* Debug */ = {
			isa = XCBuildConfiguration;
			buildSettings = {
				ALWAYS_SEARCH_USER_PATHS = NO;
				CLANG_ANALYZER_NONNULL = YES;
				CLANG_CXX_LANGUAGE_STANDARD = "gnu++0x";
				CLANG_CXX_LIBRARY = "libc++";
				CLANG_ENABLE_MODULES = YES;
				CLANG_ENABLE_OBJC_ARC = YES;
				CLANG_WARN_BOOL_CONVERSION = YES;
				CLANG_WARN_CONSTANT_CONVERSION = YES;
				CLANG_WARN_DIRECT_OBJC_ISA_USAGE = YES_ERROR;
				CLANG_WARN_EMPTY_BODY = YES;
				CLANG_WARN_ENUM_CONVERSION = YES;
				CLANG_WARN_INT_CONVERSION = YES;
				CLANG_WARN_OBJC_ROOT_CLASS = YES_ERROR;
				CLANG_WARN_UNREACHABLE_CODE = YES;
				CLANG_WARN__DUPLICATE_METHOD_MATCH = YES;
				"CODE_SIGN_IDENTITY[sdk=iphoneos*]" = "iPhone Developer";
				COPY_PHASE_STRIP = NO;
				DEBUG_INFORMATION_FORMAT = dwarf;
				ENABLE_STRICT_OBJC_MSGSEND = YES;
				ENABLE_TESTABILITY = YES;
				GCC_C_LANGUAGE_STANDARD = gnu99;
				GCC_DYNAMIC_NO_PIC = NO;
				GCC_NO_COMMON_BLOCKS = YES;
				GCC_OPTIMIZATION_LEVEL = 0;
				GCC_PREPROCESSOR_DEFINITIONS = (
					"DEBUG=1",
					"$(inherited)",
				);
				GCC_WARN_64_TO_32_BIT_CONVERSION = YES;
				GCC_WARN_ABOUT_RETURN_TYPE = YES_ERROR;
				GCC_WARN_UNDECLARED_SELECTOR = YES;
				GCC_WARN_UNINITIALIZED_AUTOS = YES_AGGRESSIVE;
				GCC_WARN_UNUSED_FUNCTION = YES;
				GCC_WARN_UNUSED_VARIABLE = YES;
				IPHONEOS_DEPLOYMENT_TARGET = 9.3;
				MTL_ENABLE_DEBUG_INFO = YES;
				ONLY_ACTIVE_ARCH = YES;
				SDKROOT = iphoneos;
				TARGETED_DEVICE_FAMILY = "1,2";
			};
			name = Debug;
		};
		D3DE8F5A1E025F9600D32F9E /* Release */ = {
			isa = XCBuildConfiguration;
			buildSettings = {
				ALWAYS_SEARCH_USER_PATHS = NO;
				CLANG_ANALYZER_NONNULL = YES;
				CLANG_CXX_LANGUAGE_STANDARD = "gnu++0x";
				CLANG_CXX_LIBRARY = "libc++";
				CLANG_ENABLE_MODULES = YES;
				CLANG_ENABLE_OBJC_ARC = YES;
				CLANG_WARN_BOOL_CONVERSION = YES;
				CLANG_WARN_CONSTANT_CONVERSION = YES;
				CLANG_WARN_DIRECT_OBJC_ISA_USAGE = YES_ERROR;
				CLANG_WARN_EMPTY_BODY = YES;
				CLANG_WARN_ENUM_CONVERSION = YES;
				CLANG_WARN_INT_CONVERSION = YES;
				CLANG_WARN_OBJC_ROOT_CLASS = YES_ERROR;
				CLANG_WARN_UNREACHABLE_CODE = YES;
				CLANG_WARN__DUPLICATE_METHOD_MATCH = YES;
				"CODE_SIGN_IDENTITY[sdk=iphoneos*]" = "iPhone Developer";
				COPY_PHASE_STRIP = NO;
				DEBUG_INFORMATION_FORMAT = "dwarf-with-dsym";
				ENABLE_NS_ASSERTIONS = NO;
				ENABLE_STRICT_OBJC_MSGSEND = YES;
				GCC_C_LANGUAGE_STANDARD = gnu99;
				GCC_NO_COMMON_BLOCKS = YES;
				GCC_WARN_64_TO_32_BIT_CONVERSION = YES;
				GCC_WARN_ABOUT_RETURN_TYPE = YES_ERROR;
				GCC_WARN_UNDECLARED_SELECTOR = YES;
				GCC_WARN_UNINITIALIZED_AUTOS = YES_AGGRESSIVE;
				GCC_WARN_UNUSED_FUNCTION = YES;
				GCC_WARN_UNUSED_VARIABLE = YES;
				IPHONEOS_DEPLOYMENT_TARGET = 9.3;
				MTL_ENABLE_DEBUG_INFO = NO;
				SDKROOT = iphoneos;
				TARGETED_DEVICE_FAMILY = "1,2";
				VALIDATE_PRODUCT = YES;
			};
			name = Release;
		};
		D3DE8F5C1E025F9600D32F9E /* Debug */ = {
			isa = XCBuildConfiguration;
			buildSettings = {
				ASSETCATALOG_COMPILER_APPICON_NAME = AppIcon;
				INFOPLIST_FILE = CORAnmation/Info.plist;
				LD_RUNPATH_SEARCH_PATHS = "$(inherited) @executable_path/Frameworks";
				PRODUCT_BUNDLE_IDENTIFIER = kong.CORAnmation;
				PRODUCT_NAME = "$(TARGET_NAME)";
			};
			name = Debug;
		};
		D3DE8F5D1E025F9600D32F9E /* Release */ = {
			isa = XCBuildConfiguration;
			buildSettings = {
				ASSETCATALOG_COMPILER_APPICON_NAME = AppIcon;
				INFOPLIST_FILE = CORAnmation/Info.plist;
				LD_RUNPATH_SEARCH_PATHS = "$(inherited) @executable_path/Frameworks";
				PRODUCT_BUNDLE_IDENTIFIER = kong.CORAnmation;
				PRODUCT_NAME = "$(TARGET_NAME)";
			};
			name = Release;
		};
		D3DE8F5F1E025F9600D32F9E /* Debug */ = {
			isa = XCBuildConfiguration;
			buildSettings = {
				BUNDLE_LOADER = "$(TEST_HOST)";
				INFOPLIST_FILE = CORAnmationTests/Info.plist;
				LD_RUNPATH_SEARCH_PATHS = "$(inherited) @executable_path/Frameworks @loader_path/Frameworks";
				PRODUCT_BUNDLE_IDENTIFIER = kong.CORAnmationTests;
				PRODUCT_NAME = "$(TARGET_NAME)";
				TEST_HOST = "$(BUILT_PRODUCTS_DIR)/CORAnmation.app/CORAnmation";
			};
			name = Debug;
		};
		D3DE8F601E025F9600D32F9E /* Release */ = {
			isa = XCBuildConfiguration;
			buildSettings = {
				BUNDLE_LOADER = "$(TEST_HOST)";
				INFOPLIST_FILE = CORAnmationTests/Info.plist;
				LD_RUNPATH_SEARCH_PATHS = "$(inherited) @executable_path/Frameworks @loader_path/Frameworks";
				PRODUCT_BUNDLE_IDENTIFIER = kong.CORAnmationTests;
				PRODUCT_NAME = "$(TARGET_NAME)";
				TEST_HOST = "$(BUILT_PRODUCTS_DIR)/CORAnmation.app/CORAnmation";
			};
			name = Release;
		};
/* End XCBuildConfiguration section */

/* Begin XCConfigurationList section */
		D3DE8F341E025F9600D32F9E /* Build configuration list for PBXProject "CORAnmation" */ = {
			isa = XCConfigurationList;
			buildConfigurations = (
				D3DE8F591E025F9600D32F9E /* Debug */,
				D3DE8F5A1E025F9600D32F9E /* Release */,
			);
			defaultConfigurationIsVisible = 0;
			defaultConfigurationName = Release;
		};
		D3DE8F5B1E025F9600D32F9E /* Build configuration list for PBXNativeTarget "CORAnmation" */ = {
			isa = XCConfigurationList;
			buildConfigurations = (
				D3DE8F5C1E025F9600D32F9E /* Debug */,
				D3DE8F5D1E025F9600D32F9E /* Release */,
			);
			defaultConfigurationIsVisible = 0;
		};
		D3DE8F5E1E025F9600D32F9E /* Build configuration list for PBXNativeTarget "CORAnmationTests" */ = {
			isa = XCConfigurationList;
			buildConfigurations = (
				D3DE8F5F1E025F9600D32F9E /* Debug */,
				D3DE8F601E025F9600D32F9E /* Release */,
			);
			defaultConfigurationIsVisible = 0;
		};
/* End XCConfigurationList section */
	};
	rootObject = D3DE8F311E025F9600D32F9E /* Project object */;
}
